version = 1
revision = 3
requires-python = ">=3.10"

[[package]]
name = "csw"
version = "0.1.0"
source = { virtual = "." }
dependencies = [
    { name = "mecab" },
]

[package.metadata]
requires-dist = [{ name = "mecab", specifier = ">=0.996.13" }]

[[package]]
name = "mecab"
version = "0.996.13"
source = { registry = "https://pypi.org/simple" }
wheels = [
    { url = "https://files.pythonhosted.org/packages/5b/ea/219b23a6182fca29571512fda2c4853506ab67d303421161a400802cde05/mecab-0.996.13-cp310-cp310-macosx_10_9_universal2.whl", hash = "sha256:b35794ba1da78928c377bcc1b48b914eba48b33d0caf37b12a7360703627ab95", size = 509924, upload-time = "2025-12-14T13:27:29.836Z" },
    { url = "https://files.pythonhosted.org/packages/50/61/27aa21e56d1c79bcb28ebe70b25ae47731738c51662a90b26a023e72dc8e/mecab-0.996.13-cp310-cp310-macosx_10_9_x86_64.whl", hash = "sha256:de9d32466740196e66782e1aff8b2d9b65417ebbdfee258ca2b5994e32c1e49a", size = 472613, upload-time = "2025-12-14T13:27:31.224Z" },
    { url = "https://files.pythonhosted.org/packages/d2/47/212c5590c5f6d8cff74a665497809d47dbf3af513c4544970667197793ba/mecab-0.996.13-cp310-cp310-macosx_11_0_arm64.whl", hash = "sha256:5e205ada750a2baf2ac6df1462ebe90362760606f9565110051cd5bd0df2c3d4", size = 468935, upload-time = "2025-12-14T13:27:32.625Z" },
    { url = "https://files.pythonhosted.org/packages/fb/89/cb9099f1e639883ed4f8d3c4327a9e7e036612e91066dc37a5ced048cee1/mecab-0.996.13-cp310-cp310-manylinux2014_aarch64.manylinux_2_17_aarch64.whl", hash = "sha256:b265e6544f8c03a76b0f9922229618b7e607640d110af5a65cf0f5b2ed7f6c86", size = 5233745, upload-time = "2025-12-14T13:27:33.818Z" },
    { url = "https://files.pythonhosted.org/packages/e2/5e/8f2334db2427f1cae642f5bb5252a72bf0ab5b8180e7fc1aa6735308a2a8/mecab-0.996.13-cp310-cp310-manylinux2014_x86_64.manylinux_2_17_x86_64.whl", hash = "sha256:02ee6da66c8b490d77ba24a31610238052c53f1e436a0a23af60e38c59569763", size = 5240938, upload-time = "2025-12-14T13:27:35.658Z" },
    { url = "https://files.pythonhosted.org/packages/ae/94/8fa6eb685b4316b2f60bb00ab84704320e06e0ba36e3100c73cd3b44e18c/mecab-0.996.13-cp310-cp310-musllinux_1_2_aarch64.whl", hash = "sha256:6188c58db0810b720db2bf0af0bd8101f52ea5bab6278bed6d8524e4277f4155", size = 5437155, upload-time = "2025-12-14T13:27:37.144Z" },
    { url = "https://files.pythonhosted.org/packages/b6/33/18bd47908b8305d117bbfde9b7fc6c40d25ea22294adf2b4532609f1459c/mecab-0.996.13-cp310-cp310-musllinux_1_2_x86_64.whl", hash = "sha256:345e9f0c2c0f6801e5b61c6f06add1d261d7d6ee516ffeb0eec5fbdb72e46f9e", size = 5602955, upload-time = "2025-12-14T13:27:38.878Z" },
    { url = "https://files.pythonhosted.org/packages/24/72/cb57b05a88c19f5f25ff3a33a11cbcade1e8b319b0100cd86aa6e9116f44/mecab-0.996.13-cp310-cp310-win32.whl", hash = "sha256:2085be00643e1d893339e6d3f3f5779a778264a01ce6b61453d4ebf1756e6720", size = 456224, upload-time = "2025-12-14T13:27:40.42Z" },
    { url = "https://files.pythonhosted.org/packages/19/e0/e7889ba0b87785744589ecfaf5b9f1ae1fedcc2be4412bd41104a575f000/mecab-0.996.13-cp310-cp310-win_amd64.whl", hash = "sha256:bd32a4a24dbce13bcf30a0b59e1d9ff66a93a703a92c828b6fb25b733f4c8050", size = 505930, upload-time = "2025-12-14T13:27:41.521Z" },
    { url = "https://files.pythonhosted.org/packages/75/f8/0e12023667f85308f650c58edcf16665ceeacc22fa317714f6ffaf4342cd/mecab-0.996.13-cp311-cp311-macosx_10_9_universal2.whl", hash = "sha256:55b1e75475cfc4b1d94b64c7467f808777388dcdaa4d74befb6a894ad95dccde", size = 509918, upload-time = "2025-12-14T13:27:43.003Z" },
    { url = "https://files.pythonhosted.org/packages/ad/8b/e4933e5feafa2302e8a74da1eed3a6dd662ae277722dcf8334cd7d01e36f/mecab-0.996.13-cp311-cp311-macosx_10_9_x86_64.whl", hash = "sha256:3854088b364770765470940b0d6d5664b6b847978f8a10fd1236ef128e4d49a0", size = 472614, upload-time = "2025-12-14T13:27:44.136Z" },
    { url = "https://files.pythonhosted.org/packages/59/f6/94d4516458a5764eb275a255f16dab3ec1442ac9019fe2653aada7f95123/mecab-0.996.13-cp311-cp311-macosx_11_0_arm64.whl", hash = "sha256:dd04ca5a258fee418e1e194edb7140518afa503c527cbac4728221a207af8746", size = 468937, upload-time = "2025-12-14T13:27:45.302Z" },
    { url = "https://files.pythonhosted.org/packages/f2/38/a5a091e726abe20ca1d33733efbed19c0759872816efdf4cb21fd6fc6e94/mecab-0.996.13-cp311-cp311-manylinux2014_aarch64.manylinux_2_17_aarch64.whl", hash = "sha256:f342fe33fe288464fa4f86747217c006e10212ca311f9636de682bb40aff9fed", size = 5241063, upload-time = "2025-12-14T13:27:46.528Z" },
    { url = "https://files.pythonhosted.org/packages/22/92/c441285c032fe7713d8836c981ac33848ee363e46070cb4356bcd754c0c1/mecab-0.996.13-cp311-cp311-manylinux2014_x86_64.manylinux_2_17_x86_64.whl", hash = "sha256:92694ec8cef6bd31c171939c02b104df4ea6de032f3c2f7b41d290eb56c5ca53", size = 5247124, upload-time = "2025-12-14T13:27:47.827Z" },
    { url = "https://files.pythonhosted.org/packages/aa/e1/58f19e80d15b516fbde68ba3abd54c842b605820c04a341310f207cfe2a0/mecab-0.996.13-cp311-cp311-musllinux_1_2_aarch64.whl", hash = "sha256:eb9d20f0921347a84bc02012d2a0017397fce59c48878815a01ef54f1300a62a", size = 5444073, upload-time = "2025-12-14T13:27:49.258Z" },
    { url = "https://files.pythonhosted.org/packages/05/80/65d1df8c2c044b177783dc6c4ca2a4010c4bcea64e2c49a47a5b8dc58144/mecab-0.996.13-cp311-cp311-musllinux_1_2_x86_64.whl", hash = "sha256:70830746a2707a163d6a0e9cc2b2aa043d98b27b109fd88607f783d0ccd464c4", size = 5610624, upload-time = "2025-12-14T13:27:50.638Z" },
    { url = "https://files.pythonhosted.org/packages/a4/c4/8fa5372f07973b6893a1dea9072fd3fe9e11de1b468b562f952bd6724b29/mecab-0.996.13-cp311-cp311-win32.whl", hash = "sha256:5f4fc8456455edf413390ddd5e3d8e624fc8920388cdcefd8cdc17855f283ff9", size = 456228, upload-time = "2025-12-14T13:27:52.535Z" },
    { url = "https://files.pythonhosted.org/packages/1e/e5/a898d3fb2e4014564780be50221a8af97593183047ac5088b5a7abe5a498/mecab-0.996.13-cp311-cp311-win_amd64.whl", hash = "sha256:15128427cf30bc4d8f56dfc3713d29eb2571ced373ff37bcfcf9829d39b09130", size = 505925, upload-time = "2025-12-14T13:27:53.748Z" },
    { url = "https://files.pythonhosted.org/packages/86/da/f74b9e6c95e8bd805ba2b22624fe651e0efae5d572b482b418adbf41c7ee/mecab-0.996.13-cp312-cp312-macosx_10_13_universal2.whl", hash = "sha256:38d8ee8d9db9909b2d35703d6df16fb6beb2fcf99cf63ea6487aa3b550db5ddf", size = 508770, upload-time = "2025-12-14T13:27:54.895Z" },
    { url = "https://files.pythonhosted.org/packages/13/c5/4194f3ca7ce51f6566081f20256348bc2ffa119ff1087b94fcca04aa0c96/mecab-0.996.13-cp312-cp312-macosx_10_13_x86_64.whl", hash = "sha256:5204c051cc486a7fe76bdc9010b54f9459b7c6376eaa4ffe62995b2dac3f1c97", size = 472089, upload-time = "2025-12-14T13:27:56.054Z" },
    { url = "https://files.pythonhosted.org/packages/7f/73/2b5850f0ff2670cf3318323706f9c44e7c762b5162f02b28292a4e2b6a64/mecab-0.996.13-cp312-cp312-macosx_11_0_arm64.whl", hash = "sha256:56dfde21af0be5c01daea335cb3b11236980652841c6a2af72f89acd3b295faa", size = 469057, upload-time = "2025-12-14T13:27:57.164Z" },
    { url = "https://files.pythonhosted.org/packages/b6/b7/669ffae2fa65dd8d0905610fbb148787603e9df3a65e50e05a7609f7c615/mecab-0.996.13-cp312-cp312-manylinux2014_aarch64.manylinux_2_17_aarch64.whl", hash = "sha256:ee31dd76f83a296729ea52d084ef4bd970fc4edbf0cca302edd9a30bc729aa6e", size = 5241638, upload-time = "2025-12-14T13:27:58.815Z" },
    { url = "https://files.pythonhosted.org/packages/2e/5a/c78921c4b70ae56875893119a969c1f6537f3211681e9ba416997eb8f99c/mecab-0.996.13-cp312-cp312-manylinux2014_x86_64.manylinux_2_17_x86_64.whl", hash = "sha256:e56133aeaa3c502acd9bb0f1c5223ccb4372f08586de6b55049dd8326545154a", size = 5248603, upload-time = "2025-12-14T13:28:00.476Z" },
    { url = "https://files.pythonhosted.org/packages/c3/1d/370622ff9417878246b8d65af86b76c96ad181f7c91004316eeadc194795/mecab-0.996.13-cp312-cp312-musllinux_1_2_aarch64.whl", hash = "sha256:c5d7fe52a2c833d4f602777325f02827e264359beab51e2f58bb880906f0fb02", size = 5443520, upload-time = "2025-12-14T13:28:03.737Z" },
    { url = "https://files.pythonhosted.org/packages/97/12/5e1426f118bdadb7c6b04c58613dd51f69daed66670ea81c851e767aea9c/mecab-0.996.13-cp312-cp312-musllinux_1_2_x86_64.whl", hash = "sha256:bbbb74533a5982ea6b3b578b797ae0cc022df7ab395b2ba1f34a97217fac7984", size = 5612192, upload-time = "2025-12-14T13:28:05.414Z" },
    { url = "https://files.pythonhosted.org/packages/46/2f/0bb3263d58be34de47534d937df80ddc803aff2312f413a3c36fe07c5e05/mecab-0.996.13-cp312-cp312-win32.whl", hash = "sha256:039ade0df7c3935cb1b62b83aa87546b3a7e6eb77ff17e06b5c090844eb5dc14", size = 456518, upload-time = "2025-12-14T13:28:06.872Z" },
    { url = "https://files.pythonhosted.org/packages/72/2d/36714775c803ff9a47e1bbda154e4ae6d519ef645b31706ec3d7c80f8956/mecab-0.996.13-cp312-cp312-win_amd64.whl", hash = "sha256:e66b029743ff1f5d633feaeecae00386f211c4e32457b632bd1be054f5a08fd5", size = 506345, upload-time = "2025-12-14T13:28:08.015Z" },
    { url = "https://files.pythonhosted.org/packages/b4/a3/393b627242054817fb8e85d883f5d6dcc3fd943e5041fbbb7fec2487248b/mecab-0.996.13-cp313-cp313-macosx_10_13_universal2.whl", hash = "sha256:6d3b3c21136af70a71244a3f35293c07029178acc463901b1df6b8093e791bfd", size = 508368, upload-time = "2025-12-14T13:28:09.198Z" },
    { url = "https://files.pythonhosted.org/packages/5d/e4/25ea5049e0d61c43e4b9c2e63e2ec466e722af42defbaf3d3c1f275f4852/mecab-0.996.13-cp313-cp313-macosx_10_13_x86_64.whl", hash = "sha256:4b47eb85eb3e69407b52f2724dbb82bf6f93138df903880f9c077e6400037d87", size = 471900, upload-time = "2025-12-14T13:28:10.912Z" },
    { url = "https://files.pythonhosted.org/packages/13/3c/8ce7a655a9a835d2359d6d788609eda6121c35a71ffb115bd35a8ec4d5e6/mecab-0.996.13-cp313-cp313-macosx_11_0_arm64.whl", hash = "sha256:3eadaea643ebad1ba20f679f56842346e310a4b7dcbc3afb98444de2e4be125b", size = 468807, upload-time = "2025-12-14T13:28:12.042Z" },
    { url = "https://files.pythonhosted.org/packages/07/01/3972a8a7205943fbf21ae59a66c60823cd3fd45f237e1bc002f110d4a51d/mecab-0.996.13-cp313-cp313-manylinux2014_aarch64.manylinux_2_17_aarch64.whl", hash = "sha256:fa9cbfaff3392de93daa3125c22c2c95efcbbaa3aeead9f83af51e9ccfc7f1da", size = 5239971, upload-time = "2025-12-14T13:28:13.385Z" },
    { url = "https://files.pythonhosted.org/packages/91/ef/45b5b493d2dba25319ded2c5ff7e67b254bf15bbce6bf644d08bbe12ff50/mecab-0.996.13-cp313-cp313-manylinux2014_x86_64.manylinux_2_17_x86_64.whl", hash = "sha256:0d2371341ba38c6311c66727d2861671956cce77b1f6fd57baefd6d22c9cb69c", size = 5246923, upload-time = "2025-12-14T13:28:15.71Z" },
    { url = "https://files.pythonhosted.org/packages/ff/79/14eae222cc25e805e34cedfbebf67cb702e85c1852d42737927e644d7177/mecab-0.996.13-cp313-cp313-musllinux_1_2_aarch64.whl", hash = "sha256:372aa59cfd7c121520048085172260be68890ee4a532c16b94bf2262e6383c21", size = 5442753, upload-time = "2025-12-14T13:28:17.241Z" },
    { url = "https://files.pythonhosted.org/packages/54/c3/e59dbf0b446e46b6991872439aec331e468e52eda94f744316b9a1ed5ce7/mecab-0.996.13-cp313-cp313-musllinux_1_2_x86_64.whl", hash = "sha256:4512602cb37af62c48e3d6e4b917ba701040b42918ff256e32b5793babc7d871", size = 5610988, upload-time = "2025-12-14T13:28:18.802Z" },
    { url = "https://files.pythonhosted.org/packages/9c/98/9ba496fbb0fed0cc47fbe726991d6e21ad3d63f02cd805b49ed23a343d96/mecab-0.996.13-cp313-cp313-win32.whl", hash = "sha256:b87b15adc64568462edbd9d007d511ecab99d149ebbfae3be9343aeb5563ee2c", size = 456319, upload-time = "2025-12-14T13:28:20.339Z" },
    { url = "https://files.pythonhosted.org/packages/84/81/ea1d7df172bee37623dfb629bc5b2449a73e3f9bd5b25be01049fe7616a1/mecab-0.996.13-cp313-cp313-win_amd64.whl", hash = "sha256:c33b052ef1c525051d922fd73ccd8d1f4aae6f70fd008df9bad80c196ede38ae", size = 506184, upload-time = "2025-12-14T13:28:21.484Z" },
    { url = "https://files.pythonhosted.org/packages/5b/5f/e4573d864e450c0741aaf0cbbe4b858b3a4138405f2ad9e727bd092b1c6c/mecab-0.996.13-cp314-cp314-manylinux2014_aarch64.manylinux_2_17_aarch64.whl", hash = "sha256:6b0f39346b1baebe80440b45878ee49472d627fea6f75ef93feebd328f6f14fa", size = 5240452, upload-time = "2025-12-14T13:28:22.745Z" },
    { url = "https://files.pythonhosted.org/packages/8f/be/a9f966eaa2dea8ad28cd3eb60022ab14036a090e763cd095f922585f699f/mecab-0.996.13-cp314-cp314-manylinux2014_x86_64.manylinux_2_17_x86_64.whl", hash = "sha256:a17eb2c5d061f601b16bfa5aa4ed9e7eac8d3183960c1e805cd4d1d743651901", size = 5246200, upload-time = "2025-12-14T13:28:24.12Z" },
    { url = "https://files.pythonhosted.org/packages/0e/3b/110d9bde765f41eb4c30647e2428dd947d6034a0d0b32f4a97847532d434/mecab-0.996.13-cp314-cp314-musllinux_1_2_aarch64.whl", hash = "sha256:014dfda3e72b1a5bc7668f43bd05a731a18f2a6d7363453026a860d208ea6b2c", size = 5441936, upload-time = "2025-12-14T13:28:25.592Z" },
    { url = "https://files.pythonhosted.org/packages/58/d5/e5baf5af1759bf5f21ba83debd5a82c429d5100672804b1deeb2ddf7e920/mecab-0.996.13-cp314-cp314-musllinux_1_2_x86_64.whl", hash = "sha256:8b40092347493cfd2b788d6cfd51ce24aeff52223145a7282d29b061823a1aee", size = 5609995, upload-time = "2025-12-14T13:28:27.099Z" },
    { url = "https://files.pythonhosted.org/packages/12/ec/6f7f0bf9068b5b262469e27f7003d9ea801088c33f2fe3944dff63f5c7df/mecab-0.996.13-cp314-cp314-win_amd64.whl", hash = "sha256:f30ead7e35985b8c0f82899a46c5643de55b77d05f23454d62f00ca96ae222aa", size = 518425, upload-time = "2025-12-14T13:28:28.58Z" },
]
